
Microsoft Visual Studio Solution File, Format Version 12.00
# Visual Studio 15
VisualStudioVersion = 15.0.26730.10
MinimumVisualStudioVersion = 10.0.40219.1
Project("{E24C65DC-7377-472B-9ABA-BC803B73C61A}") = "Tradfri", "..\Tradfri\", "{4E9B6140-9110-4F4B-8158-CC7EC804D8C0}"
	ProjectSection(WebsiteProperties) = preProject
		TargetFrameworkMoniker = ".NETFramework,Version%3Dv4.6.1"
		Debug.AspNetCompiler.VirtualPath = "/localhost_57007"
		Debug.AspNetCompiler.PhysicalPath = "..\Tradfri\"
		Debug.AspNetCompiler.TargetPath = "PrecompiledWeb\localhost_57007\"
		Debug.AspNetCompiler.Updateable = "true"
		Debug.AspNetCompiler.ForceOverwrite = "true"
		Debug.AspNetCompiler.FixedNames = "false"
		Debug.AspNetCompiler.Debug = "True"
		Release.AspNetCompiler.VirtualPath = "/localhost_57007"
		Release.AspNetCompiler.PhysicalPath = "..\Tradfri\"
		Release.AspNetCompiler.TargetPath = "PrecompiledWeb\localhost_57007\"
		Release.AspNetCompiler.Updateable = "true"
		Release.AspNetCompiler.ForceOverwrite = "true"
		Release.AspNetCompiler.FixedNames = "false"
		Release.AspNetCompiler.Debug = "False"
		VWDPort = "57007"
		SlnRelativePath = "..\Tradfri\"
		DefaultWebSiteLanguage = "Visual C#"
	EndProjectSection
EndProject
Global
	GlobalSection(SolutionConfigurationPlatforms) = preSolution
		Debug|Any CPU = Debug|Any CPU
	EndGlobalSection
	GlobalSection(ProjectConfigurationPlatforms) = postSolution
		{4E9B6140-9110-4F4B-8158-CC7EC804D8C0}.Debug|Any CPU.ActiveCfg = Debug|Any CPU
		{4E9B6140-9110-4F4B-8158-CC7EC804D8C0}.Debug|Any CPU.Build.0 = Debug|Any CPU
	EndGlobalSection
	GlobalSection(SolutionProperties) = preSolution
		HideSolutionNode = FALSE
	EndGlobalSection
	GlobalSection(ExtensibilityGlobals) = postSolution
		SolutionGuid = {E8F24905-2DA6-4F77-8E4E-802C12500094}
	EndGlobalSection
EndGlobal
